// !$*UTF8*$!
{
	archiveVersion = 1;
	classes = {
	};
	objectVersion = 46;
	objects = {

/* Begin PBXBuildFile section */
		2523F2DFD6C889A4A602CF4C /* libPods-JQFrameworkDemo.a in Frameworks */ = {isa = PBXBuildFile; fileRef = F5F46BE26B715D286AD30DAF /* libPods-JQFrameworkDemo.a */; };
		3C2F931C21D0B1BE00BB8E8B /* UIImage+GradientColor.m in Sources */ = {isa = PBXBuildFile; fileRef = 3C2F931B21D0B1BE00BB8E8B /* UIImage+GradientColor.m */; };
		3C2F931F21D0B24A00BB8E8B /* UIDevice+Hardware.m in Sources */ = {isa = PBXBuildFile; fileRef = 3C2F931D21D0B24A00BB8E8B /* UIDevice+Hardware.m */; };
		3C2F932221D0B26B00BB8E8B /* CALayer+JQIBInspectable.m in Sources */ = {isa = PBXBuildFile; fileRef = 3C2F932121D0B26B00BB8E8B /* CALayer+JQIBInspectable.m */; };
		3C2F932521D0B66200BB8E8B /* NSString+MD5.m in Sources */ = {isa = PBXBuildFile; fileRef = 3C2F932421D0B66200BB8E8B /* NSString+MD5.m */; };
		3C2F932821D0B67600BB8E8B /* NSString+Extension.m in Sources */ = {isa = PBXBuildFile; fileRef = 3C2F932721D0B67600BB8E8B /* NSString+Extension.m */; };
		471214A61F0CDF3400A7E223 /* NSDate+JQAdd.m in Sources */ = {isa = PBXBuildFile; fileRef = 471214631F0CDF3400A7E223 /* NSDate+JQAdd.m */; };
		471214A71F0CDF3400A7E223 /* NSDictionary+JQAdd.m in Sources */ = {isa = PBXBuildFile; fileRef = 471214651F0CDF3400A7E223 /* NSDictionary+JQAdd.m */; };
		471214A81F0CDF3400A7E223 /* NSObject+JQAdd.m in Sources */ = {isa = PBXBuildFile; fileRef = 471214671F0CDF3400A7E223 /* NSObject+JQAdd.m */; };
		471214AA1F0CDF3400A7E223 /* NSString+JQNormalRegex.m in Sources */ = {isa = PBXBuildFile; fileRef = 4712146B1F0CDF3400A7E223 /* NSString+JQNormalRegex.m */; };
		471214AB1F0CDF3400A7E223 /* NSString+JQSize.m in Sources */ = {isa = PBXBuildFile; fileRef = 4712146D1F0CDF3400A7E223 /* NSString+JQSize.m */; };
		471214AC1F0CDF3400A7E223 /* NSString+JQSystem.m in Sources */ = {isa = PBXBuildFile; fileRef = 4712146F1F0CDF3400A7E223 /* NSString+JQSystem.m */; };
		471214AD1F0CDF3400A7E223 /* NSTimer+JQBlock.m in Sources */ = {isa = PBXBuildFile; fileRef = 471214711F0CDF3400A7E223 /* NSTimer+JQBlock.m */; };
		471214AE1F0CDF3400A7E223 /* NSUserDefaults+JQSafeAccess.m in Sources */ = {isa = PBXBuildFile; fileRef = 471214731F0CDF3400A7E223 /* NSUserDefaults+JQSafeAccess.m */; };
		471214B11F0CDF3400A7E223 /* UIAlertView+JQBlock.m in Sources */ = {isa = PBXBuildFile; fileRef = 4712147E1F0CDF3400A7E223 /* UIAlertView+JQBlock.m */; };
		471214B21F0CDF3400A7E223 /* UIButton+JQAlignment.m in Sources */ = {isa = PBXBuildFile; fileRef = 471214801F0CDF3400A7E223 /* UIButton+JQAlignment.m */; };
		471214B31F0CDF3400A7E223 /* UIButton+JQBackgroundColor.m in Sources */ = {isa = PBXBuildFile; fileRef = 471214821F0CDF3400A7E223 /* UIButton+JQBackgroundColor.m */; };
		471214B41F0CDF3400A7E223 /* UIButton+JQBlock.m in Sources */ = {isa = PBXBuildFile; fileRef = 471214841F0CDF3400A7E223 /* UIButton+JQBlock.m */; };
		471214B51F0CDF3400A7E223 /* UIColor+JQAdd.m in Sources */ = {isa = PBXBuildFile; fileRef = 471214861F0CDF3400A7E223 /* UIColor+JQAdd.m */; };
		471214B61F0CDF3400A7E223 /* UIFont+JQTTF.m in Sources */ = {isa = PBXBuildFile; fileRef = 471214881F0CDF3400A7E223 /* UIFont+JQTTF.m */; };
		471214B71F0CDF3400A7E223 /* UIGestureRecognizer+JQBlock.m in Sources */ = {isa = PBXBuildFile; fileRef = 4712148A1F0CDF3400A7E223 /* UIGestureRecognizer+JQBlock.m */; };
		471214B81F0CDF3400A7E223 /* UIImage+JQColor.m in Sources */ = {isa = PBXBuildFile; fileRef = 4712148C1F0CDF3400A7E223 /* UIImage+JQColor.m */; };
		471214B91F0CDF3400A7E223 /* UIImage+JQGIF.m in Sources */ = {isa = PBXBuildFile; fileRef = 4712148E1F0CDF3400A7E223 /* UIImage+JQGIF.m */; };
		471214BA1F0CDF3400A7E223 /* UIImage+JQResize.m in Sources */ = {isa = PBXBuildFile; fileRef = 471214901F0CDF3400A7E223 /* UIImage+JQResize.m */; };
		471214BB1F0CDF3400A7E223 /* UIImage+JQRotate.m in Sources */ = {isa = PBXBuildFile; fileRef = 471214921F0CDF3400A7E223 /* UIImage+JQRotate.m */; };
		471214BC1F0CDF3400A7E223 /* UIScrollView+JQAdd.m in Sources */ = {isa = PBXBuildFile; fileRef = 471214941F0CDF3400A7E223 /* UIScrollView+JQAdd.m */; };
		471214BD1F0CDF3400A7E223 /* UITabBar+Extension.m in Sources */ = {isa = PBXBuildFile; fileRef = 471214961F0CDF3400A7E223 /* UITabBar+Extension.m */; };
		471214BE1F0CDF3400A7E223 /* UITableView+JQAdd.m in Sources */ = {isa = PBXBuildFile; fileRef = 471214981F0CDF3400A7E223 /* UITableView+JQAdd.m */; };
		471214BF1F0CDF3400A7E223 /* UITextView+JQAdd.m in Sources */ = {isa = PBXBuildFile; fileRef = 4712149A1F0CDF3400A7E223 /* UITextView+JQAdd.m */; };
		471214C01F0CDF3400A7E223 /* UIView+JQFind.m in Sources */ = {isa = PBXBuildFile; fileRef = 4712149C1F0CDF3400A7E223 /* UIView+JQFind.m */; };
		471214C11F0CDF3400A7E223 /* UIView+JQFrame.m in Sources */ = {isa = PBXBuildFile; fileRef = 4712149E1F0CDF3400A7E223 /* UIView+JQFrame.m */; };
		471214C21F0CDF3400A7E223 /* UIView+JQIBInspectable.m in Sources */ = {isa = PBXBuildFile; fileRef = 471214A01F0CDF3400A7E223 /* UIView+JQIBInspectable.m */; };
		471214C31F0CDF3400A7E223 /* UIView+JQScreenShot.m in Sources */ = {isa = PBXBuildFile; fileRef = 471214A21F0CDF3400A7E223 /* UIView+JQScreenShot.m */; };
		471214C41F0CDF3400A7E223 /* JQUtilities.m in Sources */ = {isa = PBXBuildFile; fileRef = 471214A51F0CDF3400A7E223 /* JQUtilities.m */; };
		474D883A1F13712F00E02BD1 /* UIControl+JQ.m in Sources */ = {isa = PBXBuildFile; fileRef = 474D88391F13712F00E02BD1 /* UIControl+JQ.m */; };
		476B20701F0DCE1800E86402 /* NSString+JQAdd.m in Sources */ = {isa = PBXBuildFile; fileRef = 476B206F1F0DCE1800E86402 /* NSString+JQAdd.m */; };
		476F6D711F1D94D1003BD532 /* UIImage+JQSubImage.m in Sources */ = {isa = PBXBuildFile; fileRef = 476F6D701F1D94D1003BD532 /* UIImage+JQSubImage.m */; };
		4790462A1F32D0240012DC0F /* NSObject+JQSafeKVO.m in Sources */ = {isa = PBXBuildFile; fileRef = 479046291F32D0240012DC0F /* NSObject+JQSafeKVO.m */; };
		47B0E0B11ECD2A0700A56F44 /* main.m in Sources */ = {isa = PBXBuildFile; fileRef = 47B0E0B01ECD2A0700A56F44 /* main.m */; };
		47B0E0B41ECD2A0700A56F44 /* AppDelegate.m in Sources */ = {isa = PBXBuildFile; fileRef = 47B0E0B31ECD2A0700A56F44 /* AppDelegate.m */; };
		47B0E0B71ECD2A0700A56F44 /* ViewController.m in Sources */ = {isa = PBXBuildFile; fileRef = 47B0E0B61ECD2A0700A56F44 /* ViewController.m */; };
		47B0E0BA1ECD2A0700A56F44 /* Main.storyboard in Resources */ = {isa = PBXBuildFile; fileRef = 47B0E0B81ECD2A0700A56F44 /* Main.storyboard */; };
		47B0E0BC1ECD2A0700A56F44 /* Assets.xcassets in Resources */ = {isa = PBXBuildFile; fileRef = 47B0E0BB1ECD2A0700A56F44 /* Assets.xcassets */; };
		47B0E0BF1ECD2A0700A56F44 /* LaunchScreen.storyboard in Resources */ = {isa = PBXBuildFile; fileRef = 47B0E0BD1ECD2A0700A56F44 /* LaunchScreen.storyboard */; };
		47B0E0CA1ECD2A0700A56F44 /* JQFrameworkDemoTests.m in Sources */ = {isa = PBXBuildFile; fileRef = 47B0E0C91ECD2A0700A56F44 /* JQFrameworkDemoTests.m */; };
		47B0E0D51ECD2A0700A56F44 /* JQFrameworkDemoUITests.m in Sources */ = {isa = PBXBuildFile; fileRef = 47B0E0D41ECD2A0700A56F44 /* JQFrameworkDemoUITests.m */; };
		47CA67FC1EF13CB800A17FAC /* lantinghei.TTF in Resources */ = {isa = PBXBuildFile; fileRef = 47CA67FB1EF13ACC00A17FAC /* lantinghei.TTF */; };
/* End PBXBuildFile section */

/* Begin PBXContainerItemProxy section */
		47B0E0C61ECD2A0700A56F44 /* PBXContainerItemProxy */ = {
			isa = PBXContainerItemProxy;
			containerPortal = 47B0E0A41ECD2A0700A56F44 /* Project object */;
			proxyType = 1;
			remoteGlobalIDString = 47B0E0AB1ECD2A0700A56F44;
			remoteInfo = JQFrameworkDemo;
		};
		47B0E0D11ECD2A0700A56F44 /* PBXContainerItemProxy */ = {
			isa = PBXContainerItemProxy;
			containerPortal = 47B0E0A41ECD2A0700A56F44 /* Project object */;
			proxyType = 1;
			remoteGlobalIDString = 47B0E0AB1ECD2A0700A56F44;
			remoteInfo = JQFrameworkDemo;
		};
/* End PBXContainerItemProxy section */

/* Begin PBXFileReference section */
		215EE2F577B3E5988B13B944 /* Pods-JQFrameworkDemo.debug.xcconfig */ = {isa = PBXFileReference; includeInIndex = 1; lastKnownFileType = text.xcconfig; name = "Pods-JQFrameworkDemo.debug.xcconfig"; path = "Pods/Target Support Files/Pods-JQFrameworkDemo/Pods-JQFrameworkDemo.debug.xcconfig"; sourceTree = "<group>"; };
		3C2F931A21D0B1BE00BB8E8B /* UIImage+GradientColor.h */ = {isa = PBXFileReference; fileEncoding = 4; lastKnownFileType = sourcecode.c.h; path = "UIImage+GradientColor.h"; sourceTree = "<group>"; };
		3C2F931B21D0B1BE00BB8E8B /* UIImage+GradientColor.m */ = {isa = PBXFileReference; fileEncoding = 4; lastKnownFileType = sourcecode.c.objc; path = "UIImage+GradientColor.m"; sourceTree = "<group>"; };
		3C2F931D21D0B24A00BB8E8B /* UIDevice+Hardware.m */ = {isa = PBXFileReference; fileEncoding = 4; lastKnownFileType = sourcecode.c.objc; path = "UIDevice+Hardware.m"; sourceTree = "<group>"; };
		3C2F931E21D0B24A00BB8E8B /* UIDevice+Hardware.h */ = {isa = PBXFileReference; fileEncoding = 4; lastKnownFileType = sourcecode.c.h; path = "UIDevice+Hardware.h"; sourceTree = "<group>"; };
		3C2F932021D0B26A00BB8E8B /* CALayer+JQIBInspectable.h */ = {isa = PBXFileReference; fileEncoding = 4; lastKnownFileType = sourcecode.c.h; path = "CALayer+JQIBInspectable.h"; sourceTree = "<group>"; };
		3C2F932121D0B26B00BB8E8B /* CALayer+JQIBInspectable.m */ = {isa = PBXFileReference; fileEncoding = 4; lastKnownFileType = sourcecode.c.objc; path = "CALayer+JQIBInspectable.m"; sourceTree = "<group>"; };
		3C2F932321D0B66100BB8E8B /* NSString+MD5.h */ = {isa = PBXFileReference; fileEncoding = 4; lastKnownFileType = sourcecode.c.h; path = "NSString+MD5.h"; sourceTree = "<group>"; };
		3C2F932421D0B66200BB8E8B /* NSString+MD5.m */ = {isa = PBXFileReference; fileEncoding = 4; lastKnownFileType = sourcecode.c.objc; path = "NSString+MD5.m"; sourceTree = "<group>"; };
		3C2F932621D0B67600BB8E8B /* NSString+Extension.h */ = {isa = PBXFileReference; fileEncoding = 4; lastKnownFileType = sourcecode.c.h; path = "NSString+Extension.h"; sourceTree = "<group>"; };
		3C2F932721D0B67600BB8E8B /* NSString+Extension.m */ = {isa = PBXFileReference; fileEncoding = 4; lastKnownFileType = sourcecode.c.objc; path = "NSString+Extension.m"; sourceTree = "<group>"; };
		471214611F0CDF3400A7E223 /* JQFoundation.h */ = {isa = PBXFileReference; fileEncoding = 4; lastKnownFileType = sourcecode.c.h; path = JQFoundation.h; sourceTree = "<group>"; };
		471214621F0CDF3400A7E223 /* NSDate+JQAdd.h */ = {isa = PBXFileReference; fileEncoding = 4; lastKnownFileType = sourcecode.c.h; path = "NSDate+JQAdd.h"; sourceTree = "<group>"; };
		471214631F0CDF3400A7E223 /* NSDate+JQAdd.m */ = {isa = PBXFileReference; fileEncoding = 4; lastKnownFileType = sourcecode.c.objc; path = "NSDate+JQAdd.m"; sourceTree = "<group>"; };
		471214641F0CDF3400A7E223 /* NSDictionary+JQAdd.h */ = {isa = PBXFileReference; fileEncoding = 4; lastKnownFileType = sourcecode.c.h; path = "NSDictionary+JQAdd.h"; sourceTree = "<group>"; };
		471214651F0CDF3400A7E223 /* NSDictionary+JQAdd.m */ = {isa = PBXFileReference; fileEncoding = 4; lastKnownFileType = sourcecode.c.objc; path = "NSDictionary+JQAdd.m"; sourceTree = "<group>"; };
		471214661F0CDF3400A7E223 /* NSObject+JQAdd.h */ = {isa = PBXFileReference; fileEncoding = 4; lastKnownFileType = sourcecode.c.h; path = "NSObject+JQAdd.h"; sourceTree = "<group>"; };
		471214671F0CDF3400A7E223 /* NSObject+JQAdd.m */ = {isa = PBXFileReference; fileEncoding = 4; lastKnownFileType = sourcecode.c.objc; path = "NSObject+JQAdd.m"; sourceTree = "<group>"; };
		4712146A1F0CDF3400A7E223 /* NSString+JQNormalRegex.h */ = {isa = PBXFileReference; fileEncoding = 4; lastKnownFileType = sourcecode.c.h; path = "NSString+JQNormalRegex.h"; sourceTree = "<group>"; };
		4712146B1F0CDF3400A7E223 /* NSString+JQNormalRegex.m */ = {isa = PBXFileReference; fileEncoding = 4; lastKnownFileType = sourcecode.c.objc; path = "NSString+JQNormalRegex.m"; sourceTree = "<group>"; };
		4712146C1F0CDF3400A7E223 /* NSString+JQSize.h */ = {isa = PBXFileReference; fileEncoding = 4; lastKnownFileType = sourcecode.c.h; path = "NSString+JQSize.h"; sourceTree = "<group>"; };
		4712146D1F0CDF3400A7E223 /* NSString+JQSize.m */ = {isa = PBXFileReference; fileEncoding = 4; lastKnownFileType = sourcecode.c.objc; path = "NSString+JQSize.m"; sourceTree = "<group>"; };
		4712146E1F0CDF3400A7E223 /* NSString+JQSystem.h */ = {isa = PBXFileReference; fileEncoding = 4; lastKnownFileType = sourcecode.c.h; path = "NSString+JQSystem.h"; sourceTree = "<group>"; };
		4712146F1F0CDF3400A7E223 /* NSString+JQSystem.m */ = {isa = PBXFileReference; fileEncoding = 4; lastKnownFileType = sourcecode.c.objc; path = "NSString+JQSystem.m"; sourceTree = "<group>"; };
		471214701F0CDF3400A7E223 /* NSTimer+JQBlock.h */ = {isa = PBXFileReference; fileEncoding = 4; lastKnownFileType = sourcecode.c.h; path = "NSTimer+JQBlock.h"; sourceTree = "<group>"; };
		471214711F0CDF3400A7E223 /* NSTimer+JQBlock.m */ = {isa = PBXFileReference; fileEncoding = 4; lastKnownFileType = sourcecode.c.objc; path = "NSTimer+JQBlock.m"; sourceTree = "<group>"; };
		471214721F0CDF3400A7E223 /* NSUserDefaults+JQSafeAccess.h */ = {isa = PBXFileReference; fileEncoding = 4; lastKnownFileType = sourcecode.c.h; path = "NSUserDefaults+JQSafeAccess.h"; sourceTree = "<group>"; };
		471214731F0CDF3400A7E223 /* NSUserDefaults+JQSafeAccess.m */ = {isa = PBXFileReference; fileEncoding = 4; lastKnownFileType = sourcecode.c.objc; path = "NSUserDefaults+JQSafeAccess.m"; sourceTree = "<group>"; };
		471214741F0CDF3400A7E223 /* JQConstant.h */ = {isa = PBXFileReference; fileEncoding = 4; lastKnownFileType = sourcecode.c.h; path = JQConstant.h; sourceTree = "<group>"; };
		471214751F0CDF3400A7E223 /* JQFramework.h */ = {isa = PBXFileReference; fileEncoding = 4; lastKnownFileType = sourcecode.c.h; path = JQFramework.h; sourceTree = "<group>"; };
		4712147C1F0CDF3400A7E223 /* JQUIKit.h */ = {isa = PBXFileReference; fileEncoding = 4; lastKnownFileType = sourcecode.c.h; path = JQUIKit.h; sourceTree = "<group>"; };
		4712147D1F0CDF3400A7E223 /* UIAlertView+JQBlock.h */ = {isa = PBXFileReference; fileEncoding = 4; lastKnownFileType = sourcecode.c.h; path = "UIAlertView+JQBlock.h"; sourceTree = "<group>"; };
		4712147E1F0CDF3400A7E223 /* UIAlertView+JQBlock.m */ = {isa = PBXFileReference; fileEncoding = 4; lastKnownFileType = sourcecode.c.objc; path = "UIAlertView+JQBlock.m"; sourceTree = "<group>"; };
		4712147F1F0CDF3400A7E223 /* UIButton+JQAlignment.h */ = {isa = PBXFileReference; fileEncoding = 4; lastKnownFileType = sourcecode.c.h; path = "UIButton+JQAlignment.h"; sourceTree = "<group>"; };
		471214801F0CDF3400A7E223 /* UIButton+JQAlignment.m */ = {isa = PBXFileReference; fileEncoding = 4; lastKnownFileType = sourcecode.c.objc; path = "UIButton+JQAlignment.m"; sourceTree = "<group>"; };
		471214811F0CDF3400A7E223 /* UIButton+JQBackgroundColor.h */ = {isa = PBXFileReference; fileEncoding = 4; lastKnownFileType = sourcecode.c.h; path = "UIButton+JQBackgroundColor.h"; sourceTree = "<group>"; };
		471214821F0CDF3400A7E223 /* UIButton+JQBackgroundColor.m */ = {isa = PBXFileReference; fileEncoding = 4; lastKnownFileType = sourcecode.c.objc; path = "UIButton+JQBackgroundColor.m"; sourceTree = "<group>"; };
		471214831F0CDF3400A7E223 /* UIButton+JQBlock.h */ = {isa = PBXFileReference; fileEncoding = 4; lastKnownFileType = sourcecode.c.h; path = "UIButton+JQBlock.h"; sourceTree = "<group>"; };
		471214841F0CDF3400A7E223 /* UIButton+JQBlock.m */ = {isa = PBXFileReference; fileEncoding = 4; lastKnownFileType = sourcecode.c.objc; path = "UIButton+JQBlock.m"; sourceTree = "<group>"; };
		471214851F0CDF3400A7E223 /* UIColor+JQAdd.h */ = {isa = PBXFileReference; fileEncoding = 4; lastKnownFileType = sourcecode.c.h; path = "UIColor+JQAdd.h"; sourceTree = "<group>"; };
		471214861F0CDF3400A7E223 /* UIColor+JQAdd.m */ = {isa = PBXFileReference; fileEncoding = 4; lastKnownFileType = sourcecode.c.objc; path = "UIColor+JQAdd.m"; sourceTree = "<group>"; };
		471214871F0CDF3400A7E223 /* UIFont+JQTTF.h */ = {isa = PBXFileReference; fileEncoding = 4; lastKnownFileType = sourcecode.c.h; path = "UIFont+JQTTF.h"; sourceTree = "<group>"; };
		471214881F0CDF3400A7E223 /* UIFont+JQTTF.m */ = {isa = PBXFileReference; fileEncoding = 4; lastKnownFileType = sourcecode.c.objc; path = "UIFont+JQTTF.m"; sourceTree = "<group>"; };
		471214891F0CDF3400A7E223 /* UIGestureRecognizer+JQBlock.h */ = {isa = PBXFileReference; fileEncoding = 4; lastKnownFileType = sourcecode.c.h; path = "UIGestureRecognizer+JQBlock.h"; sourceTree = "<group>"; };
		4712148A1F0CDF3400A7E223 /* UIGestureRecognizer+JQBlock.m */ = {isa = PBXFileReference; fileEncoding = 4; lastKnownFileType = sourcecode.c.objc; path = "UIGestureRecognizer+JQBlock.m"; sourceTree = "<group>"; };
		4712148B1F0CDF3400A7E223 /* UIImage+JQColor.h */ = {isa = PBXFileReference; fileEncoding = 4; lastKnownFileType = sourcecode.c.h; path = "UIImage+JQColor.h"; sourceTree = "<group>"; };
		4712148C1F0CDF3400A7E223 /* UIImage+JQColor.m */ = {isa = PBXFileReference; fileEncoding = 4; lastKnownFileType = sourcecode.c.objc; path = "UIImage+JQColor.m"; sourceTree = "<group>"; };
		4712148D1F0CDF3400A7E223 /* UIImage+JQGIF.h */ = {isa = PBXFileReference; fileEncoding = 4; lastKnownFileType = sourcecode.c.h; path = "UIImage+JQGIF.h"; sourceTree = "<group>"; };
		4712148E1F0CDF3400A7E223 /* UIImage+JQGIF.m */ = {isa = PBXFileReference; fileEncoding = 4; lastKnownFileType = sourcecode.c.objc; path = "UIImage+JQGIF.m"; sourceTree = "<group>"; };
		4712148F1F0CDF3400A7E223 /* UIImage+JQResize.h */ = {isa = PBXFileReference; fileEncoding = 4; lastKnownFileType = sourcecode.c.h; path = "UIImage+JQResize.h"; sourceTree = "<group>"; };
		471214901F0CDF3400A7E223 /* UIImage+JQResize.m */ = {isa = PBXFileReference; fileEncoding = 4; lastKnownFileType = sourcecode.c.objc; path = "UIImage+JQResize.m"; sourceTree = "<group>"; };
		471214911F0CDF3400A7E223 /* UIImage+JQRotate.h */ = {isa = PBXFileReference; fileEncoding = 4; lastKnownFileType = sourcecode.c.h; path = "UIImage+JQRotate.h"; sourceTree = "<group>"; };
		471214921F0CDF3400A7E223 /* UIImage+JQRotate.m */ = {isa = PBXFileReference; fileEncoding = 4; lastKnownFileType = sourcecode.c.objc; path = "UIImage+JQRotate.m"; sourceTree = "<group>"; };
		471214931F0CDF3400A7E223 /* UIScrollView+JQAdd.h */ = {isa = PBXFileReference; fileEncoding = 4; lastKnownFileType = sourcecode.c.h; path = "UIScrollView+JQAdd.h"; sourceTree = "<group>"; };
		471214941F0CDF3400A7E223 /* UIScrollView+JQAdd.m */ = {isa = PBXFileReference; fileEncoding = 4; lastKnownFileType = sourcecode.c.objc; path = "UIScrollView+JQAdd.m"; sourceTree = "<group>"; };
		471214951F0CDF3400A7E223 /* UITabBar+Extension.h */ = {isa = PBXFileReference; fileEncoding = 4; lastKnownFileType = sourcecode.c.h; path = "UITabBar+Extension.h"; sourceTree = "<group>"; };
		471214961F0CDF3400A7E223 /* UITabBar+Extension.m */ = {isa = PBXFileReference; fileEncoding = 4; lastKnownFileType = sourcecode.c.objc; path = "UITabBar+Extension.m"; sourceTree = "<group>"; };
		471214971F0CDF3400A7E223 /* UITableView+JQAdd.h */ = {isa = PBXFileReference; fileEncoding = 4; lastKnownFileType = sourcecode.c.h; path = "UITableView+JQAdd.h"; sourceTree = "<group>"; };
		471214981F0CDF3400A7E223 /* UITableView+JQAdd.m */ = {isa = PBXFileReference; fileEncoding = 4; lastKnownFileType = sourcecode.c.objc; path = "UITableView+JQAdd.m"; sourceTree = "<group>"; };
		471214991F0CDF3400A7E223 /* UITextView+JQAdd.h */ = {isa = PBXFileReference; fileEncoding = 4; lastKnownFileType = sourcecode.c.h; path = "UITextView+JQAdd.h"; sourceTree = "<group>"; };
		4712149A1F0CDF3400A7E223 /* UITextView+JQAdd.m */ = {isa = PBXFileReference; fileEncoding = 4; lastKnownFileType = sourcecode.c.objc; path = "UITextView+JQAdd.m"; sourceTree = "<group>"; };
		4712149B1F0CDF3400A7E223 /* UIView+JQFind.h */ = {isa = PBXFileReference; fileEncoding = 4; lastKnownFileType = sourcecode.c.h; path = "UIView+JQFind.h"; sourceTree = "<group>"; };
		4712149C1F0CDF3400A7E223 /* UIView+JQFind.m */ = {isa = PBXFileReference; fileEncoding = 4; lastKnownFileType = sourcecode.c.objc; path = "UIView+JQFind.m"; sourceTree = "<group>"; };
		4712149D1F0CDF3400A7E223 /* UIView+JQFrame.h */ = {isa = PBXFileReference; fileEncoding = 4; lastKnownFileType = sourcecode.c.h; path = "UIView+JQFrame.h"; sourceTree = "<group>"; };
		4712149E1F0CDF3400A7E223 /* UIView+JQFrame.m */ = {isa = PBXFileReference; fileEncoding = 4; lastKnownFileType = sourcecode.c.objc; path = "UIView+JQFrame.m"; sourceTree = "<group>"; };
		4712149F1F0CDF3400A7E223 /* UIView+JQIBInspectable.h */ = {isa = PBXFileReference; fileEncoding = 4; lastKnownFileType = sourcecode.c.h; path = "UIView+JQIBInspectable.h"; sourceTree = "<group>"; };
		471214A01F0CDF3400A7E223 /* UIView+JQIBInspectable.m */ = {isa = PBXFileReference; fileEncoding = 4; lastKnownFileType = sourcecode.c.objc; path = "UIView+JQIBInspectable.m"; sourceTree = "<group>"; };
		471214A11F0CDF3400A7E223 /* UIView+JQScreenShot.h */ = {isa = PBXFileReference; fileEncoding = 4; lastKnownFileType = sourcecode.c.h; path = "UIView+JQScreenShot.h"; sourceTree = "<group>"; };
		471214A21F0CDF3400A7E223 /* UIView+JQScreenShot.m */ = {isa = PBXFileReference; fileEncoding = 4; lastKnownFileType = sourcecode.c.objc; path = "UIView+JQScreenShot.m"; sourceTree = "<group>"; };
		471214A41F0CDF3400A7E223 /* JQUtilities.h */ = {isa = PBXFileReference; fileEncoding = 4; lastKnownFileType = sourcecode.c.h; path = JQUtilities.h; sourceTree = "<group>"; };
		471214A51F0CDF3400A7E223 /* JQUtilities.m */ = {isa = PBXFileReference; fileEncoding = 4; lastKnownFileType = sourcecode.c.objc; path = JQUtilities.m; sourceTree = "<group>"; };
		474D88381F13712F00E02BD1 /* UIControl+JQ.h */ = {isa = PBXFileReference; fileEncoding = 4; lastKnownFileType = sourcecode.c.h; path = "UIControl+JQ.h"; sourceTree = "<group>"; };
		474D88391F13712F00E02BD1 /* UIControl+JQ.m */ = {isa = PBXFileReference; fileEncoding = 4; lastKnownFileType = sourcecode.c.objc; path = "UIControl+JQ.m"; sourceTree = "<group>"; };
		4764A6CF844656A906BF0EB6 /* libPods-JQFrameworkDemoUITests.a */ = {isa = PBXFileReference; explicitFileType = archive.ar; includeInIndex = 0; path = "libPods-JQFrameworkDemoUITests.a"; sourceTree = BUILT_PRODUCTS_DIR; };
		476B206E1F0DCE1800E86402 /* NSString+JQAdd.h */ = {isa = PBXFileReference; fileEncoding = 4; lastKnownFileType = sourcecode.c.h; path = "NSString+JQAdd.h"; sourceTree = "<group>"; };
		476B206F1F0DCE1800E86402 /* NSString+JQAdd.m */ = {isa = PBXFileReference; fileEncoding = 4; lastKnownFileType = sourcecode.c.objc; path = "NSString+JQAdd.m"; sourceTree = "<group>"; };
		476F6D6F1F1D94D1003BD532 /* UIImage+JQSubImage.h */ = {isa = PBXFileReference; fileEncoding = 4; lastKnownFileType = sourcecode.c.h; path = "UIImage+JQSubImage.h"; sourceTree = "<group>"; };
		476F6D701F1D94D1003BD532 /* UIImage+JQSubImage.m */ = {isa = PBXFileReference; fileEncoding = 4; lastKnownFileType = sourcecode.c.objc; path = "UIImage+JQSubImage.m"; sourceTree = "<group>"; };
		479046281F32D0240012DC0F /* NSObject+JQSafeKVO.h */ = {isa = PBXFileReference; fileEncoding = 4; lastKnownFileType = sourcecode.c.h; path = "NSObject+JQSafeKVO.h"; sourceTree = "<group>"; };
		479046291F32D0240012DC0F /* NSObject+JQSafeKVO.m */ = {isa = PBXFileReference; fileEncoding = 4; lastKnownFileType = sourcecode.c.objc; path = "NSObject+JQSafeKVO.m"; sourceTree = "<group>"; };
		47B0E0AC1ECD2A0700A56F44 /* JQFrameworkDemo.app */ = {isa = PBXFileReference; explicitFileType = wrapper.application; includeInIndex = 0; path = JQFrameworkDemo.app; sourceTree = BUILT_PRODUCTS_DIR; };
		47B0E0B01ECD2A0700A56F44 /* main.m */ = {isa = PBXFileReference; lastKnownFileType = sourcecode.c.objc; path = main.m; sourceTree = "<group>"; };
		47B0E0B21ECD2A0700A56F44 /* AppDelegate.h */ = {isa = PBXFileReference; lastKnownFileType = sourcecode.c.h; path = AppDelegate.h; sourceTree = "<group>"; };
		47B0E0B31ECD2A0700A56F44 /* AppDelegate.m */ = {isa = PBXFileReference; lastKnownFileType = sourcecode.c.objc; path = AppDelegate.m; sourceTree = "<group>"; };
		47B0E0B51ECD2A0700A56F44 /* ViewController.h */ = {isa = PBXFileReference; lastKnownFileType = sourcecode.c.h; path = ViewController.h; sourceTree = "<group>"; };
		47B0E0B61ECD2A0700A56F44 /* ViewController.m */ = {isa = PBXFileReference; lastKnownFileType = sourcecode.c.objc; path = ViewController.m; sourceTree = "<group>"; };
		47B0E0B91ECD2A0700A56F44 /* Base */ = {isa = PBXFileReference; lastKnownFileType = file.storyboard; name = Base; path = Base.lproj/Main.storyboard; sourceTree = "<group>"; };
		47B0E0BB1ECD2A0700A56F44 /* Assets.xcassets */ = {isa = PBXFileReference; lastKnownFileType = folder.assetcatalog; path = Assets.xcassets; sourceTree = "<group>"; };
		47B0E0BE1ECD2A0700A56F44 /* Base */ = {isa = PBXFileReference; lastKnownFileType = file.storyboard; name = Base; path = Base.lproj/LaunchScreen.storyboard; sourceTree = "<group>"; };
		47B0E0C01ECD2A0700A56F44 /* Info.plist */ = {isa = PBXFileReference; lastKnownFileType = text.plist.xml; path = Info.plist; sourceTree = "<group>"; };
		47B0E0C51ECD2A0700A56F44 /* JQFrameworkDemoTests.xctest */ = {isa = PBXFileReference; explicitFileType = wrapper.cfbundle; includeInIndex = 0; path = JQFrameworkDemoTests.xctest; sourceTree = BUILT_PRODUCTS_DIR; };
		47B0E0C91ECD2A0700A56F44 /* JQFrameworkDemoTests.m */ = {isa = PBXFileReference; lastKnownFileType = sourcecode.c.objc; path = JQFrameworkDemoTests.m; sourceTree = "<group>"; };
		47B0E0CB1ECD2A0700A56F44 /* Info.plist */ = {isa = PBXFileReference; lastKnownFileType = text.plist.xml; path = Info.plist; sourceTree = "<group>"; };
		47B0E0D01ECD2A0700A56F44 /* JQFrameworkDemoUITests.xctest */ = {isa = PBXFileReference; explicitFileType = wrapper.cfbundle; includeInIndex = 0; path = JQFrameworkDemoUITests.xctest; sourceTree = BUILT_PRODUCTS_DIR; };
		47B0E0D41ECD2A0700A56F44 /* JQFrameworkDemoUITests.m */ = {isa = PBXFileReference; lastKnownFileType = sourcecode.c.objc; path = JQFrameworkDemoUITests.m; sourceTree = "<group>"; };
		47B0E0D61ECD2A0700A56F44 /* Info.plist */ = {isa = PBXFileReference; lastKnownFileType = text.plist.xml; path = Info.plist; sourceTree = "<group>"; };
		47CA67FB1EF13ACC00A17FAC /* lantinghei.TTF */ = {isa = PBXFileReference; lastKnownFileType = file; path = lantinghei.TTF; sourceTree = "<group>"; };
		5B264CEFFAEB4C2095F41988 /* Pods-JQFrameworkDemo.release.xcconfig */ = {isa = PBXFileReference; includeInIndex = 1; lastKnownFileType = text.xcconfig; name = "Pods-JQFrameworkDemo.release.xcconfig"; path = "Pods/Target Support Files/Pods-JQFrameworkDemo/Pods-JQFrameworkDemo.release.xcconfig"; sourceTree = "<group>"; };
		F16AE74582B5BA4A6A4A4671 /* libPods-JQFrameworkDemoTests.a */ = {isa = PBXFileReference; explicitFileType = archive.ar; includeInIndex = 0; path = "libPods-JQFrameworkDemoTests.a"; sourceTree = BUILT_PRODUCTS_DIR; };
		F5F46BE26B715D286AD30DAF /* libPods-JQFrameworkDemo.a */ = {isa = PBXFileReference; explicitFileType = archive.ar; includeInIndex = 0; path = "libPods-JQFrameworkDemo.a"; sourceTree = BUILT_PRODUCTS_DIR; };
/* End PBXFileReference section */

/* Begin PBXFrameworksBuildPhase section */
		47B0E0A91ECD2A0700A56F44 /* Frameworks */ = {
			isa = PBXFrameworksBuildPhase;
			buildActionMask = 2147483647;
			files = (
				2523F2DFD6C889A4A602CF4C /* libPods-JQFrameworkDemo.a in Frameworks */,
			);
			runOnlyForDeploymentPostprocessing = 0;
		};
		47B0E0C21ECD2A0700A56F44 /* Frameworks */ = {
			isa = PBXFrameworksBuildPhase;
			buildActionMask = 2147483647;
			files = (
			);
			runOnlyForDeploymentPostprocessing = 0;
		};
		47B0E0CD1ECD2A0700A56F44 /* Frameworks */ = {
			isa = PBXFrameworksBuildPhase;
			buildActionMask = 2147483647;
			files = (
			);
			runOnlyForDeploymentPostprocessing = 0;
		};
/* End PBXFrameworksBuildPhase section */

/* Begin PBXGroup section */
		3C2F932921D0CD1900BB8E8B /* JQFrameworkHeader */ = {
			isa = PBXGroup;
			children = (
				471214741F0CDF3400A7E223 /* JQConstant.h */,
				471214751F0CDF3400A7E223 /* JQFramework.h */,
			);
			path = JQFrameworkHeader;
			sourceTree = "<group>";
		};
		4712145F1F0CDF3400A7E223 /* JQFramework */ = {
			isa = PBXGroup;
			children = (
				3C2F932921D0CD1900BB8E8B /* JQFrameworkHeader */,
				471214601F0CDF3400A7E223 /* Foundation */,
				4712147B1F0CDF3400A7E223 /* UIKIt */,
				471214A31F0CDF3400A7E223 /* Utility */,
			);
			path = JQFramework;
			sourceTree = "<group>";
		};
		471214601F0CDF3400A7E223 /* Foundation */ = {
			isa = PBXGroup;
			children = (
				471214611F0CDF3400A7E223 /* JQFoundation.h */,
				3C2F932321D0B66100BB8E8B /* NSString+MD5.h */,
				3C2F932421D0B66200BB8E8B /* NSString+MD5.m */,
				3C2F932621D0B67600BB8E8B /* NSString+Extension.h */,
				3C2F932721D0B67600BB8E8B /* NSString+Extension.m */,
				471214621F0CDF3400A7E223 /* NSDate+JQAdd.h */,
				471214631F0CDF3400A7E223 /* NSDate+JQAdd.m */,
				471214641F0CDF3400A7E223 /* NSDictionary+JQAdd.h */,
				471214651F0CDF3400A7E223 /* NSDictionary+JQAdd.m */,
				471214661F0CDF3400A7E223 /* NSObject+JQAdd.h */,
				471214671F0CDF3400A7E223 /* NSObject+JQAdd.m */,
				479046281F32D0240012DC0F /* NSObject+JQSafeKVO.h */,
				479046291F32D0240012DC0F /* NSObject+JQSafeKVO.m */,
				476B206E1F0DCE1800E86402 /* NSString+JQAdd.h */,
				476B206F1F0DCE1800E86402 /* NSString+JQAdd.m */,
				4712146A1F0CDF3400A7E223 /* NSString+JQNormalRegex.h */,
				4712146B1F0CDF3400A7E223 /* NSString+JQNormalRegex.m */,
				4712146C1F0CDF3400A7E223 /* NSString+JQSize.h */,
				4712146D1F0CDF3400A7E223 /* NSString+JQSize.m */,
				4712146E1F0CDF3400A7E223 /* NSString+JQSystem.h */,
				4712146F1F0CDF3400A7E223 /* NSString+JQSystem.m */,
				471214701F0CDF3400A7E223 /* NSTimer+JQBlock.h */,
				471214711F0CDF3400A7E223 /* NSTimer+JQBlock.m */,
				471214721F0CDF3400A7E223 /* NSUserDefaults+JQSafeAccess.h */,
				471214731F0CDF3400A7E223 /* NSUserDefaults+JQSafeAccess.m */,
			);
			path = Foundation;
			sourceTree = "<group>";
		};
		4712147B1F0CDF3400A7E223 /* UIKIt */ = {
			isa = PBXGroup;
			children = (
				4712147C1F0CDF3400A7E223 /* JQUIKit.h */,
				3C2F932021D0B26A00BB8E8B /* CALayer+JQIBInspectable.h */,
				3C2F932121D0B26B00BB8E8B /* CALayer+JQIBInspectable.m */,
				3C2F931E21D0B24A00BB8E8B /* UIDevice+Hardware.h */,
				3C2F931D21D0B24A00BB8E8B /* UIDevice+Hardware.m */,
				3C2F931A21D0B1BE00BB8E8B /* UIImage+GradientColor.h */,
				3C2F931B21D0B1BE00BB8E8B /* UIImage+GradientColor.m */,
				4712147D1F0CDF3400A7E223 /* UIAlertView+JQBlock.h */,
				4712147E1F0CDF3400A7E223 /* UIAlertView+JQBlock.m */,
				4712147F1F0CDF3400A7E223 /* UIButton+JQAlignment.h */,
				471214801F0CDF3400A7E223 /* UIButton+JQAlignment.m */,
				471214811F0CDF3400A7E223 /* UIButton+JQBackgroundColor.h */,
				471214821F0CDF3400A7E223 /* UIButton+JQBackgroundColor.m */,
				471214831F0CDF3400A7E223 /* UIButton+JQBlock.h */,
				471214841F0CDF3400A7E223 /* UIButton+JQBlock.m */,
				471214851F0CDF3400A7E223 /* UIColor+JQAdd.h */,
				471214861F0CDF3400A7E223 /* UIColor+JQAdd.m */,
				474D88381F13712F00E02BD1 /* UIControl+JQ.h */,
				474D88391F13712F00E02BD1 /* UIControl+JQ.m */,
				471214871F0CDF3400A7E223 /* UIFont+JQTTF.h */,
				471214881F0CDF3400A7E223 /* UIFont+JQTTF.m */,
				471214891F0CDF3400A7E223 /* UIGestureRecognizer+JQBlock.h */,
				4712148A1F0CDF3400A7E223 /* UIGestureRecognizer+JQBlock.m */,
				4712148B1F0CDF3400A7E223 /* UIImage+JQColor.h */,
				4712148C1F0CDF3400A7E223 /* UIImage+JQColor.m */,
				4712148D1F0CDF3400A7E223 /* UIImage+JQGIF.h */,
				4712148E1F0CDF3400A7E223 /* UIImage+JQGIF.m */,
				4712148F1F0CDF3400A7E223 /* UIImage+JQResize.h */,
				471214901F0CDF3400A7E223 /* UIImage+JQResize.m */,
				471214911F0CDF3400A7E223 /* UIImage+JQRotate.h */,
				471214921F0CDF3400A7E223 /* UIImage+JQRotate.m */,
				476F6D6F1F1D94D1003BD532 /* UIImage+JQSubImage.h */,
				476F6D701F1D94D1003BD532 /* UIImage+JQSubImage.m */,
				471214931F0CDF3400A7E223 /* UIScrollView+JQAdd.h */,
				471214941F0CDF3400A7E223 /* UIScrollView+JQAdd.m */,
				471214951F0CDF3400A7E223 /* UITabBar+Extension.h */,
				471214961F0CDF3400A7E223 /* UITabBar+Extension.m */,
				471214971F0CDF3400A7E223 /* UITableView+JQAdd.h */,
				471214981F0CDF3400A7E223 /* UITableView+JQAdd.m */,
				471214991F0CDF3400A7E223 /* UITextView+JQAdd.h */,
				4712149A1F0CDF3400A7E223 /* UITextView+JQAdd.m */,
				4712149B1F0CDF3400A7E223 /* UIView+JQFind.h */,
				4712149C1F0CDF3400A7E223 /* UIView+JQFind.m */,
				4712149D1F0CDF3400A7E223 /* UIView+JQFrame.h */,
				4712149E1F0CDF3400A7E223 /* UIView+JQFrame.m */,
				4712149F1F0CDF3400A7E223 /* UIView+JQIBInspectable.h */,
				471214A01F0CDF3400A7E223 /* UIView+JQIBInspectable.m */,
				471214A11F0CDF3400A7E223 /* UIView+JQScreenShot.h */,
				471214A21F0CDF3400A7E223 /* UIView+JQScreenShot.m */,
			);
			path = UIKIt;
			sourceTree = "<group>";
		};
		471214A31F0CDF3400A7E223 /* Utility */ = {
			isa = PBXGroup;
			children = (
				471214A41F0CDF3400A7E223 /* JQUtilities.h */,
				471214A51F0CDF3400A7E223 /* JQUtilities.m */,
			);
			path = Utility;
			sourceTree = "<group>";
		};
		47B0E0A31ECD2A0700A56F44 = {
			isa = PBXGroup;
			children = (
				4712145F1F0CDF3400A7E223 /* JQFramework */,
				47B0E0AE1ECD2A0700A56F44 /* JQFrameworkDemo */,
				47B0E0C81ECD2A0700A56F44 /* JQFrameworkDemoTests */,
				47B0E0D31ECD2A0700A56F44 /* JQFrameworkDemoUITests */,
				47B0E0AD1ECD2A0700A56F44 /* Products */,
				62228E6C40EA9E382C08F38A /* Pods */,
				66BAB8A65D214C96CCCA0767 /* Frameworks */,
			);
			sourceTree = "<group>";
		};
		47B0E0AD1ECD2A0700A56F44 /* Products */ = {
			isa = PBXGroup;
			children = (
				47B0E0AC1ECD2A0700A56F44 /* JQFrameworkDemo.app */,
				47B0E0C51ECD2A0700A56F44 /* JQFrameworkDemoTests.xctest */,
				47B0E0D01ECD2A0700A56F44 /* JQFrameworkDemoUITests.xctest */,
			);
			name = Products;
			sourceTree = "<group>";
		};
		47B0E0AE1ECD2A0700A56F44 /* JQFrameworkDemo */ = {
			isa = PBXGroup;
			children = (
				47B0E0B21ECD2A0700A56F44 /* AppDelegate.h */,
				47B0E0B31ECD2A0700A56F44 /* AppDelegate.m */,
				47B0E0B51ECD2A0700A56F44 /* ViewController.h */,
				47B0E0B61ECD2A0700A56F44 /* ViewController.m */,
				47B0E0B81ECD2A0700A56F44 /* Main.storyboard */,
				47B0E0BB1ECD2A0700A56F44 /* Assets.xcassets */,
				47B0E0BD1ECD2A0700A56F44 /* LaunchScreen.storyboard */,
				47B0E0C01ECD2A0700A56F44 /* Info.plist */,
				47B0E0AF1ECD2A0700A56F44 /* Supporting Files */,
			);
			path = JQFrameworkDemo;
			sourceTree = "<group>";
		};
		47B0E0AF1ECD2A0700A56F44 /* Supporting Files */ = {
			isa = PBXGroup;
			children = (
				47CA67FB1EF13ACC00A17FAC /* lantinghei.TTF */,
				47B0E0B01ECD2A0700A56F44 /* main.m */,
			);
			name = "Supporting Files";
			sourceTree = "<group>";
		};
		47B0E0C81ECD2A0700A56F44 /* JQFrameworkDemoTests */ = {
			isa = PBXGroup;
			children = (
				47B0E0C91ECD2A0700A56F44 /* JQFrameworkDemoTests.m */,
				47B0E0CB1ECD2A0700A56F44 /* Info.plist */,
			);
			path = JQFrameworkDemoTests;
			sourceTree = "<group>";
		};
		47B0E0D31ECD2A0700A56F44 /* JQFrameworkDemoUITests */ = {
			isa = PBXGroup;
			children = (
				47B0E0D41ECD2A0700A56F44 /* JQFrameworkDemoUITests.m */,
				47B0E0D61ECD2A0700A56F44 /* Info.plist */,
			);
			path = JQFrameworkDemoUITests;
			sourceTree = "<group>";
		};
		62228E6C40EA9E382C08F38A /* Pods */ = {
			isa = PBXGroup;
			children = (
				215EE2F577B3E5988B13B944 /* Pods-JQFrameworkDemo.debug.xcconfig */,
				5B264CEFFAEB4C2095F41988 /* Pods-JQFrameworkDemo.release.xcconfig */,
			);
			name = Pods;
			sourceTree = "<group>";
		};
		66BAB8A65D214C96CCCA0767 /* Frameworks */ = {
			isa = PBXGroup;
			children = (
				F5F46BE26B715D286AD30DAF /* libPods-JQFrameworkDemo.a */,
				F16AE74582B5BA4A6A4A4671 /* libPods-JQFrameworkDemoTests.a */,
				4764A6CF844656A906BF0EB6 /* libPods-JQFrameworkDemoUITests.a */,
			);
			name = Frameworks;
			sourceTree = "<group>";
		};
/* End PBXGroup section */

/* Begin PBXNativeTarget section */
		47B0E0AB1ECD2A0700A56F44 /* JQFrameworkDemo */ = {
			isa = PBXNativeTarget;
			buildConfigurationList = 47B0E0D91ECD2A0700A56F44 /* Build configuration list for PBXNativeTarget "JQFrameworkDemo" */;
			buildPhases = (
				524176D8E49F024E8E75DB79 /* [CP] Check Pods Manifest.lock */,
				47B0E0A81ECD2A0700A56F44 /* Sources */,
				47B0E0A91ECD2A0700A56F44 /* Frameworks */,
				47B0E0AA1ECD2A0700A56F44 /* Resources */,
			);
			buildRules = (
			);
			dependencies = (
			);
			name = JQFrameworkDemo;
			productName = JQFrameworkDemo;
			productReference = 47B0E0AC1ECD2A0700A56F44 /* JQFrameworkDemo.app */;
			productType = "com.apple.product-type.application";
		};
		47B0E0C41ECD2A0700A56F44 /* JQFrameworkDemoTests */ = {
			isa = PBXNativeTarget;
			buildConfigurationList = 47B0E0DC1ECD2A0700A56F44 /* Build configuration list for PBXNativeTarget "JQFrameworkDemoTests" */;
			buildPhases = (
				47B0E0C11ECD2A0700A56F44 /* Sources */,
				47B0E0C21ECD2A0700A56F44 /* Frameworks */,
				47B0E0C31ECD2A0700A56F44 /* Resources */,
			);
			buildRules = (
			);
			dependencies = (
				47B0E0C71ECD2A0700A56F44 /* PBXTargetDependency */,
			);
			name = JQFrameworkDemoTests;
			productName = JQFrameworkDemoTests;
			productReference = 47B0E0C51ECD2A0700A56F44 /* JQFrameworkDemoTests.xctest */;
			productType = "com.apple.product-type.bundle.unit-test";
		};
		47B0E0CF1ECD2A0700A56F44 /* JQFrameworkDemoUITests */ = {
			isa = PBXNativeTarget;
			buildConfigurationList = 47B0E0DF1ECD2A0700A56F44 /* Build configuration list for PBXNativeTarget "JQFrameworkDemoUITests" */;
			buildPhases = (
				47B0E0CC1ECD2A0700A56F44 /* Sources */,
				47B0E0CD1ECD2A0700A56F44 /* Frameworks */,
				47B0E0CE1ECD2A0700A56F44 /* Resources */,
			);
			buildRules = (
			);
			dependencies = (
				47B0E0D21ECD2A0700A56F44 /* PBXTargetDependency */,
			);
			name = JQFrameworkDemoUITests;
			productName = JQFrameworkDemoUITests;
			productReference = 47B0E0D01ECD2A0700A56F44 /* JQFrameworkDemoUITests.xctest */;
			productType = "com.apple.product-type.bundle.ui-testing";
		};
/* End PBXNativeTarget section */

/* Begin PBXProject section */
		47B0E0A41ECD2A0700A56F44 /* Project object */ = {
			isa = PBXProject;
			attributes = {
				LastUpgradeCheck = 0830;
				ORGANIZATIONNAME = HaRi;
				TargetAttributes = {
					47B0E0AB1ECD2A0700A56F44 = {
						CreatedOnToolsVersion = 8.3.2;
						DevelopmentTeam = WTB2BKP7UZ;
						ProvisioningStyle = Automatic;
					};
					47B0E0C41ECD2A0700A56F44 = {
						CreatedOnToolsVersion = 8.3.2;
						DevelopmentTeam = WTB2BKP7UZ;
						ProvisioningStyle = Automatic;
						TestTargetID = 47B0E0AB1ECD2A0700A56F44;
					};
					47B0E0CF1ECD2A0700A56F44 = {
						CreatedOnToolsVersion = 8.3.2;
						DevelopmentTeam = WTB2BKP7UZ;
						ProvisioningStyle = Automatic;
						TestTargetID = 47B0E0AB1ECD2A0700A56F44;
					};
				};
			};
			buildConfigurationList = 47B0E0A71ECD2A0700A56F44 /* Build configuration list for PBXProject "JQFrameworkDemo" */;
			compatibilityVersion = "Xcode 3.2";
			developmentRegion = English;
			hasScannedForEncodings = 0;
			knownRegions = (
				en,
				Base,
			);
			mainGroup = 47B0E0A31ECD2A0700A56F44;
			productRefGroup = 47B0E0AD1ECD2A0700A56F44 /* Products */;
			projectDirPath = "";
			projectRoot = "";
			targets = (
				47B0E0AB1ECD2A0700A56F44 /* JQFrameworkDemo */,
				47B0E0C41ECD2A0700A56F44 /* JQFrameworkDemoTests */,
				47B0E0CF1ECD2A0700A56F44 /* JQFrameworkDemoUITests */,
			);
		};
/* End PBXProject section */

/* Begin PBXResourcesBuildPhase section */
		47B0E0AA1ECD2A0700A56F44 /* Resources */ = {
			isa = PBXResourcesBuildPhase;
			buildActionMask = 2147483647;
			files = (
				47CA67FC1EF13CB800A17FAC /* lantinghei.TTF in Resources */,
				47B0E0BF1ECD2A0700A56F44 /* LaunchScreen.storyboard in Resources */,
				47B0E0BC1ECD2A0700A56F44 /* Assets.xcassets in Resources */,
				47B0E0BA1ECD2A0700A56F44 /* Main.storyboard in Resources */,
			);
			runOnlyForDeploymentPostprocessing = 0;
		};
		47B0E0C31ECD2A0700A56F44 /* Resources */ = {
			isa = PBXResourcesBuildPhase;
			buildActionMask = 2147483647;
			files = (
			);
			runOnlyForDeploymentPostprocessing = 0;
		};
		47B0E0CE1ECD2A0700A56F44 /* Resources */ = {
			isa = PBXResourcesBuildPhase;
			buildActionMask = 2147483647;
			files = (
			);
			runOnlyForDeploymentPostprocessing = 0;
		};
/* End PBXResourcesBuildPhase section */

/* Begin PBXShellScriptBuildPhase section */
		524176D8E49F024E8E75DB79 /* [CP] Check Pods Manifest.lock */ = {
			isa = PBXShellScriptBuildPhase;
			buildActionMask = 2147483647;
			files = (
			);
			inputPaths = (
				"${PODS_PODFILE_DIR_PATH}/Podfile.lock",
				"${PODS_ROOT}/Manifest.lock",
			);
			name = "[CP] Check Pods Manifest.lock";
			outputPaths = (
				"$(DERIVED_FILE_DIR)/Pods-JQFrameworkDemo-checkManifestLockResult.txt",
			);
			runOnlyForDeploymentPostprocessing = 0;
			shellPath = /bin/sh;
			shellScript = "diff \"${PODS_PODFILE_DIR_PATH}/Podfile.lock\" \"${PODS_ROOT}/Manifest.lock\" > /dev/null\nif [ $? != 0 ] ; then\n    # print error to STDERR\n    echo \"error: The sandbox is not in sync with the Podfile.lock. Run 'pod install' or update your CocoaPods installation.\" >&2\n    exit 1\nfi\n# This output is used by Xcode 'outputs' to avoid re-running this script phase.\necho \"SUCCESS\" > \"${SCRIPT_OUTPUT_FILE_0}\"\n";
			showEnvVarsInLog = 0;
		};
/* End PBXShellScriptBuildPhase section */

/* Begin PBXSourcesBuildPhase section */
		47B0E0A81ECD2A0700A56F44 /* Sources */ = {
			isa = PBXSourcesBuildPhase;
			buildActionMask = 2147483647;
			files = (
				471214B81F0CDF3400A7E223 /* UIImage+JQColor.m in Sources */,
				471214C11F0CDF3400A7E223 /* UIView+JQFrame.m in Sources */,
				471214C31F0CDF3400A7E223 /* UIView+JQScreenShot.m in Sources */,
				471214B21F0CDF3400A7E223 /* UIButton+JQAlignment.m in Sources */,
				471214C01F0CDF3400A7E223 /* UIView+JQFind.m in Sources */,
				476B20701F0DCE1800E86402 /* NSString+JQAdd.m in Sources */,
				471214B11F0CDF3400A7E223 /* UIAlertView+JQBlock.m in Sources */,
				471214B41F0CDF3400A7E223 /* UIButton+JQBlock.m in Sources */,
				471214A71F0CDF3400A7E223 /* NSDictionary+JQAdd.m in Sources */,
				471214C21F0CDF3400A7E223 /* UIView+JQIBInspectable.m in Sources */,
				471214BB1F0CDF3400A7E223 /* UIImage+JQRotate.m in Sources */,
				476F6D711F1D94D1003BD532 /* UIImage+JQSubImage.m in Sources */,
				471214BE1F0CDF3400A7E223 /* UITableView+JQAdd.m in Sources */,
				471214AC1F0CDF3400A7E223 /* NSString+JQSystem.m in Sources */,
				471214BA1F0CDF3400A7E223 /* UIImage+JQResize.m in Sources */,
				3C2F932821D0B67600BB8E8B /* NSString+Extension.m in Sources */,
				471214B31F0CDF3400A7E223 /* UIButton+JQBackgroundColor.m in Sources */,
				4790462A1F32D0240012DC0F /* NSObject+JQSafeKVO.m in Sources */,
				474D883A1F13712F00E02BD1 /* UIControl+JQ.m in Sources */,
				3C2F932221D0B26B00BB8E8B /* CALayer+JQIBInspectable.m in Sources */,
				3C2F931F21D0B24A00BB8E8B /* UIDevice+Hardware.m in Sources */,
				47B0E0B71ECD2A0700A56F44 /* ViewController.m in Sources */,
				471214B71F0CDF3400A7E223 /* UIGestureRecognizer+JQBlock.m in Sources */,
				471214AB1F0CDF3400A7E223 /* NSString+JQSize.m in Sources */,
				47B0E0B41ECD2A0700A56F44 /* AppDelegate.m in Sources */,
				471214AD1F0CDF3400A7E223 /* NSTimer+JQBlock.m in Sources */,
				3C2F931C21D0B1BE00BB8E8B /* UIImage+GradientColor.m in Sources */,
				471214C41F0CDF3400A7E223 /* JQUtilities.m in Sources */,
				47B0E0B11ECD2A0700A56F44 /* main.m in Sources */,
				471214AE1F0CDF3400A7E223 /* NSUserDefaults+JQSafeAccess.m in Sources */,
				471214B51F0CDF3400A7E223 /* UIColor+JQAdd.m in Sources */,
				471214B91F0CDF3400A7E223 /* UIImage+JQGIF.m in Sources */,
				471214BD1F0CDF3400A7E223 /* UITabBar+Extension.m in Sources */,
				471214AA1F0CDF3400A7E223 /* NSString+JQNormalRegex.m in Sources */,
				3C2F932521D0B66200BB8E8B /* NSString+MD5.m in Sources */,
				471214BC1F0CDF3400A7E223 /* UIScrollView+JQAdd.m in Sources */,
				471214A81F0CDF3400A7E223 /* NSObject+JQAdd.m in Sources */,
				471214BF1F0CDF3400A7E223 /* UITextView+JQAdd.m in Sources */,
				471214B61F0CDF3400A7E223 /* UIFont+JQTTF.m in Sources */,
				471214A61F0CDF3400A7E223 /* NSDate+JQAdd.m in Sources */,
			);
			runOnlyForDeploymentPostprocessing = 0;
		};
		47B0E0C11ECD2A0700A56F44 /* Sources */ = {
			isa = PBXSourcesBuildPhase;
			buildActionMask = 2147483647;
			files = (
				47B0E0CA1ECD2A0700A56F44 /* JQFrameworkDemoTests.m in Sources */,
			);
			runOnlyForDeploymentPostprocessing = 0;
		};
		47B0E0CC1ECD2A0700A56F44 /* Sources */ = {
			isa = PBXSourcesBuildPhase;
			buildActionMask = 2147483647;
			files = (
				47B0E0D51ECD2A0700A56F44 /* JQFrameworkDemoUITests.m in Sources */,
			);
			runOnlyForDeploymentPostprocessing = 0;
		};
/* End PBXSourcesBuildPhase section */

/* Begin PBXTargetDependency section */
		47B0E0C71ECD2A0700A56F44 /* PBXTargetDependency */ = {
			isa = PBXTargetDependency;
			target = 47B0E0AB1ECD2A0700A56F44 /* JQFrameworkDemo */;
			targetProxy = 47B0E0C61ECD2A0700A56F44 /* PBXContainerItemProxy */;
		};
		47B0E0D21ECD2A0700A56F44 /* PBXTargetDependency */ = {
			isa = PBXTargetDependency;
			target = 47B0E0AB1ECD2A0700A56F44 /* JQFrameworkDemo */;
			targetProxy = 47B0E0D11ECD2A0700A56F44 /* PBXContainerItemProxy */;
		};
/* End PBXTargetDependency section */

/* Begin PBXVariantGroup section */
		47B0E0B81ECD2A0700A56F44 /* Main.storyboard */ = {
			isa = PBXVariantGroup;
			children = (
				47B0E0B91ECD2A0700A56F44 /* Base */,
			);
			name = Main.storyboard;
			sourceTree = "<group>";
		};
		47B0E0BD1ECD2A0700A56F44 /* LaunchScreen.storyboard */ = {
			isa = PBXVariantGroup;
			children = (
				47B0E0BE1ECD2A0700A56F44 /* Base */,
			);
			name = LaunchScreen.storyboard;
			sourceTree = "<group>";
		};
/* End PBXVariantGroup section */

/* Begin XCBuildConfiguration section */
		47B0E0D71ECD2A0700A56F44 /* Debug */ = {
			isa = XCBuildConfiguration;
			buildSettings = {
				ALWAYS_SEARCH_USER_PATHS = NO;
				CLANG_ANALYZER_NONNULL = YES;
				CLANG_ANALYZER_NUMBER_OBJECT_CONVERSION = YES_AGGRESSIVE;
				CLANG_CXX_LANGUAGE_STANDARD = "gnu++0x";
				CLANG_CXX_LIBRARY = "libc++";
				CLANG_ENABLE_MODULES = YES;
				CLANG_ENABLE_OBJC_ARC = YES;
				CLANG_WARN_BOOL_CONVERSION = YES;
				CLANG_WARN_CONSTANT_CONVERSION = YES;
				CLANG_WARN_DIRECT_OBJC_ISA_USAGE = YES_ERROR;
				CLANG_WARN_DOCUMENTATION_COMMENTS = YES;
				CLANG_WARN_EMPTY_BODY = YES;
				CLANG_WARN_ENUM_CONVERSION = YES;
				CLANG_WARN_INFINITE_RECURSION = YES;
				CLANG_WARN_INT_CONVERSION = YES;
				CLANG_WARN_OBJC_ROOT_CLASS = YES_ERROR;
				CLANG_WARN_SUSPICIOUS_MOVE = YES;
				CLANG_WARN_UNREACHABLE_CODE = YES;
				CLANG_WARN__DUPLICATE_METHOD_MATCH = YES;
				"CODE_SIGN_IDENTITY[sdk=iphoneos*]" = "iPhone Developer";
				COPY_PHASE_STRIP = NO;
				DEBUG_INFORMATION_FORMAT = dwarf;
				ENABLE_STRICT_OBJC_MSGSEND = YES;
				ENABLE_TESTABILITY = YES;
				GCC_C_LANGUAGE_STANDARD = gnu99;
				GCC_DYNAMIC_NO_PIC = NO;
				GCC_NO_COMMON_BLOCKS = YES;
				GCC_OPTIMIZATION_LEVEL = 0;
				GCC_PREPROCESSOR_DEFINITIONS = (
					"DEBUG=1",
					"$(inherited)",
				);
				GCC_WARN_64_TO_32_BIT_CONVERSION = YES;
				GCC_WARN_ABOUT_RETURN_TYPE = YES_ERROR;
				GCC_WARN_UNDECLARED_SELECTOR = YES;
				GCC_WARN_UNINITIALIZED_AUTOS = YES_AGGRESSIVE;
				GCC_WARN_UNUSED_FUNCTION = YES;
				GCC_WARN_UNUSED_VARIABLE = YES;
				IPHONEOS_DEPLOYMENT_TARGET = 10.3;
				MTL_ENABLE_DEBUG_INFO = YES;
				ONLY_ACTIVE_ARCH = YES;
				SDKROOT = iphoneos;
				TARGETED_DEVICE_FAMILY = "1,2";
			};
			name = Debug;
		};
		47B0E0D81ECD2A0700A56F44 /* Release */ = {
			isa = XCBuildConfiguration;
			buildSettings = {
				ALWAYS_SEARCH_USER_PATHS = NO;
				CLANG_ANALYZER_NONNULL = YES;
				CLANG_ANALYZER_NUMBER_OBJECT_CONVERSION = YES_AGGRESSIVE;
				CLANG_CXX_LANGUAGE_STANDARD = "gnu++0x";
				CLANG_CXX_LIBRARY = "libc++";
				CLANG_ENABLE_MODULES = YES;
				CLANG_ENABLE_OBJC_ARC = YES;
				CLANG_WARN_BOOL_CONVERSION = YES;
				CLANG_WARN_CONSTANT_CONVERSION = YES;
				CLANG_WARN_DIRECT_OBJC_ISA_USAGE = YES_ERROR;
				CLANG_WARN_DOCUMENTATION_COMMENTS = YES;
				CLANG_WARN_EMPTY_BODY = YES;
				CLANG_WARN_ENUM_CONVERSION = YES;
				CLANG_WARN_INFINITE_RECURSION = YES;
				CLANG_WARN_INT_CONVERSION = YES;
				CLANG_WARN_OBJC_ROOT_CLASS = YES_ERROR;
				CLANG_WARN_SUSPICIOUS_MOVE = YES;
				CLANG_WARN_UNREACHABLE_CODE = YES;
				CLANG_WARN__DUPLICATE_METHOD_MATCH = YES;
				"CODE_SIGN_IDENTITY[sdk=iphoneos*]" = "iPhone Developer";
				COPY_PHASE_STRIP = NO;
				DEBUG_INFORMATION_FORMAT = "dwarf-with-dsym";
				ENABLE_NS_ASSERTIONS = NO;
				ENABLE_STRICT_OBJC_MSGSEND = YES;
				GCC_C_LANGUAGE_STANDARD = gnu99;
				GCC_NO_COMMON_BLOCKS = YES;
				GCC_WARN_64_TO_32_BIT_CONVERSION = YES;
				GCC_WARN_ABOUT_RETURN_TYPE = YES_ERROR;
				GCC_WARN_UNDECLARED_SELECTOR = YES;
				GCC_WARN_UNINITIALIZED_AUTOS = YES_AGGRESSIVE;
				GCC_WARN_UNUSED_FUNCTION = YES;
				GCC_WARN_UNUSED_VARIABLE = YES;
				IPHONEOS_DEPLOYMENT_TARGET = 10.3;
				MTL_ENABLE_DEBUG_INFO = NO;
				SDKROOT = iphoneos;
				TARGETED_DEVICE_FAMILY = "1,2";
				VALIDATE_PRODUCT = YES;
			};
			name = Release;
		};
		47B0E0DA1ECD2A0700A56F44 /* Debug */ = {
			isa = XCBuildConfiguration;
			baseConfigurationReference = 215EE2F577B3E5988B13B944 /* Pods-JQFrameworkDemo.debug.xcconfig */;
			buildSettings = {
				ASSETCATALOG_COMPILER_APPICON_NAME = AppIcon;
				DEVELOPMENT_TEAM = WTB2BKP7UZ;
				INFOPLIST_FILE = JQFrameworkDemo/Info.plist;
				LD_RUNPATH_SEARCH_PATHS = "$(inherited) @executable_path/Frameworks";
				PRODUCT_BUNDLE_IDENTIFIER = HanJunqiang.JQFrameworkDemo;
				PRODUCT_NAME = "$(TARGET_NAME)";
			};
			name = Debug;
		};
		47B0E0DB1ECD2A0700A56F44 /* Release */ = {
			isa = XCBuildConfiguration;
			baseConfigurationReference = 5B264CEFFAEB4C2095F41988 /* Pods-JQFrameworkDemo.release.xcconfig */;
			buildSettings = {
				ASSETCATALOG_COMPILER_APPICON_NAME = AppIcon;
				DEVELOPMENT_TEAM = WTB2BKP7UZ;
				INFOPLIST_FILE = JQFrameworkDemo/Info.plist;
				LD_RUNPATH_SEARCH_PATHS = "$(inherited) @executable_path/Frameworks";
				PRODUCT_BUNDLE_IDENTIFIER = HanJunqiang.JQFrameworkDemo;
				PRODUCT_NAME = "$(TARGET_NAME)";
			};
			name = Release;
		};
		47B0E0DD1ECD2A0700A56F44 /* Debug */ = {
			isa = XCBuildConfiguration;
			buildSettings = {
				BUNDLE_LOADER = "$(TEST_HOST)";
				DEVELOPMENT_TEAM = WTB2BKP7UZ;
				INFOPLIST_FILE = JQFrameworkDemoTests/Info.plist;
				LD_RUNPATH_SEARCH_PATHS = "$(inherited) @executable_path/Frameworks @loader_path/Frameworks";
				PRODUCT_BUNDLE_IDENTIFIER = HanJunqiang.JQFrameworkDemoTests;
				PRODUCT_NAME = "$(TARGET_NAME)";
				TEST_HOST = "$(BUILT_PRODUCTS_DIR)/JQFrameworkDemo.app/JQFrameworkDemo";
			};
			name = Debug;
		};
		47B0E0DE1ECD2A0700A56F44 /* Release */ = {
			isa = XCBuildConfiguration;
			buildSettings = {
				BUNDLE_LOADER = "$(TEST_HOST)";
				DEVELOPMENT_TEAM = WTB2BKP7UZ;
				INFOPLIST_FILE = JQFrameworkDemoTests/Info.plist;
				LD_RUNPATH_SEARCH_PATHS = "$(inherited) @executable_path/Frameworks @loader_path/Frameworks";
				PRODUCT_BUNDLE_IDENTIFIER = HanJunqiang.JQFrameworkDemoTests;
				PRODUCT_NAME = "$(TARGET_NAME)";
				TEST_HOST = "$(BUILT_PRODUCTS_DIR)/JQFrameworkDemo.app/JQFrameworkDemo";
			};
			name = Release;
		};
		47B0E0E01ECD2A0700A56F44 /* Debug */ = {
			isa = XCBuildConfiguration;
			buildSettings = {
				DEVELOPMENT_TEAM = WTB2BKP7UZ;
				INFOPLIST_FILE = JQFrameworkDemoUITests/Info.plist;
				LD_RUNPATH_SEARCH_PATHS = "$(inherited) @executable_path/Frameworks @loader_path/Frameworks";
				PRODUCT_BUNDLE_IDENTIFIER = HanJunqiang.JQFrameworkDemoUITests;
				PRODUCT_NAME = "$(TARGET_NAME)";
				TEST_TARGET_NAME = JQFrameworkDemo;
			};
			name = Debug;
		};
		47B0E0E11ECD2A0700A56F44 /* Release */ = {
			isa = XCBuildConfiguration;
			buildSettings = {
				DEVELOPMENT_TEAM = WTB2BKP7UZ;
				INFOPLIST_FILE = JQFrameworkDemoUITests/Info.plist;
				LD_RUNPATH_SEARCH_PATHS = "$(inherited) @executable_path/Frameworks @loader_path/Frameworks";
				PRODUCT_BUNDLE_IDENTIFIER = HanJunqiang.JQFrameworkDemoUITests;
				PRODUCT_NAME = "$(TARGET_NAME)";
				TEST_TARGET_NAME = JQFrameworkDemo;
			};
			name = Release;
		};
/* End XCBuildConfiguration section */

/* Begin XCConfigurationList section */
		47B0E0A71ECD2A0700A56F44 /* Build configuration list for PBXProject "JQFrameworkDemo" */ = {
			isa = XCConfigurationList;
			buildConfigurations = (
				47B0E0D71ECD2A0700A56F44 /* Debug */,
				47B0E0D81ECD2A0700A56F44 /* Release */,
			);
			defaultConfigurationIsVisible = 0;
			defaultConfigurationName = Release;
		};
		47B0E0D91ECD2A0700A56F44 /* Build configuration list for PBXNativeTarget "JQFrameworkDemo" */ = {
			isa = XCConfigurationList;
			buildConfigurations = (
				47B0E0DA1ECD2A0700A56F44 /* Debug */,
				47B0E0DB1ECD2A0700A56F44 /* Release */,
			);
			defaultConfigurationIsVisible = 0;
			defaultConfigurationName = Release;
		};
		47B0E0DC1ECD2A0700A56F44 /* Build configuration list for PBXNativeTarget "JQFrameworkDemoTests" */ = {
			isa = XCConfigurationList;
			buildConfigurations = (
				47B0E0DD1ECD2A0700A56F44 /* Debug */,
				47B0E0DE1ECD2A0700A56F44 /* Release */,
			);
			defaultConfigurationIsVisible = 0;
			defaultConfigurationName = Release;
		};
		47B0E0DF1ECD2A0700A56F44 /* Build configuration list for PBXNativeTarget "JQFrameworkDemoUITests" */ = {
			isa = XCConfigurationList;
			buildConfigurations = (
				47B0E0E01ECD2A0700A56F44 /* Debug */,
				47B0E0E11ECD2A0700A56F44 /* Release */,
			);
			defaultConfigurationIsVisible = 0;
			defaultConfigurationName = Release;
		};
/* End XCConfigurationList section */
	};
	rootObject = 47B0E0A41ECD2A0700A56F44 /* Project object */;
}
